
Microsoft Visual Studio Solution File, Format Version 12.00
# Visual Studio 15
VisualStudioVersion = 15.0.27428.2002
MinimumVisualStudioVersion = 10.0.40219.1
Project("{FAE04EC0-301F-11D3-BF4B-00C04F79EFBC}") = "FindNthRootLogic", "FindNthRootLogic\FindNthRootLogic.csproj", "{65672A9D-8C80-4D61-B4E6-F50CEAB9EF24}"
EndProject
Project("{FAE04EC0-301F-11D3-BF4B-00C04F79EFBC}") = "FindNthRootLogicTests.NUnit", "FindNthRootLogicTests-NUnit\FindNthRootLogicTests.NUnit.csproj", "{A630B4E5-3E07-4821-B77C-8F529D0AAFF8}"
EndProject
Global
	GlobalSection(SolutionConfigurationPlatforms) = preSolution
		Debug|Any CPU = Debug|Any CPU
		Release|Any CPU = Release|Any CPU
	EndGlobalSection
	GlobalSection(ProjectConfigurationPlatforms) = postSolution
		{65672A9D-8C80-4D61-B4E6-F50CEAB9EF24}.Debug|Any CPU.ActiveCfg = Debug|Any CPU
		{65672A9D-8C80-4D61-B4E6-F50CEAB9EF24}.Debug|Any CPU.Build.0 = Debug|Any CPU
		{65672A9D-8C80-4D61-B4E6-F50CEAB9EF24}.Release|Any CPU.ActiveCfg = Release|Any CPU
		{65672A9D-8C80-4D61-B4E6-F50CEAB9EF24}.Release|Any CPU.Build.0 = Release|Any CPU
		{A630B4E5-3E07-4821-B77C-8F529D0AAFF8}.Debug|Any CPU.ActiveCfg = Debug|Any CPU
		{A630B4E5-3E07-4821-B77C-8F529D0AAFF8}.Debug|Any CPU.Build.0 = Debug|Any CPU
		{A630B4E5-3E07-4821-B77C-8F529D0AAFF8}.Release|Any CPU.ActiveCfg = Release|Any CPU
		{A630B4E5-3E07-4821-B77C-8F529D0AAFF8}.Release|Any CPU.Build.0 = Release|Any CPU
	EndGlobalSection
	GlobalSection(SolutionProperties) = preSolution
		HideSolutionNode = FALSE
	EndGlobalSection
	GlobalSection(ExtensibilityGlobals) = postSolution
		SolutionGuid = {3AEC890D-686D-4225-B3B4-DFB1C6E6F154}
	EndGlobalSection
EndGlobal
