
Microsoft Visual Studio Solution File, Format Version 12.00
# Visual Studio 15
VisualStudioVersion = 15.0.27428.2002
MinimumVisualStudioVersion = 10.0.40219.1
Project("{FAE04EC0-301F-11D3-BF4B-00C04F79EFBC}") = "SortingLibrary", "SortingLibrary\SortingLibrary.csproj", "{4A04BCBA-CCB2-4440-8B3C-FB34EEE08912}"
EndProject
Project("{FAE04EC0-301F-11D3-BF4B-00C04F79EFBC}") = "ConsoleTest", "ConsoleTest\ConsoleTest.csproj", "{DA7A2AA4-F207-4170-B3E7-2BAC1E307CA6}"
EndProject
Project("{FAE04EC0-301F-11D3-BF4B-00C04F79EFBC}") = "SortingClass.Tests", "SortingClass.Tests\SortingClass.Tests.csproj", "{882CBE76-CC01-4AFD-8020-C155562DF55B}"
EndProject
Global
	GlobalSection(SolutionConfigurationPlatforms) = preSolution
		Debug|Any CPU = Debug|Any CPU
		Release|Any CPU = Release|Any CPU
	EndGlobalSection
	GlobalSection(ProjectConfigurationPlatforms) = postSolution
		{4A04BCBA-CCB2-4440-8B3C-FB34EEE08912}.Debug|Any CPU.ActiveCfg = Debug|Any CPU
		{4A04BCBA-CCB2-4440-8B3C-FB34EEE08912}.Debug|Any CPU.Build.0 = Debug|Any CPU
		{4A04BCBA-CCB2-4440-8B3C-FB34EEE08912}.Release|Any CPU.ActiveCfg = Release|Any CPU
		{4A04BCBA-CCB2-4440-8B3C-FB34EEE08912}.Release|Any CPU.Build.0 = Release|Any CPU
		{DA7A2AA4-F207-4170-B3E7-2BAC1E307CA6}.Debug|Any CPU.ActiveCfg = Debug|Any CPU
		{DA7A2AA4-F207-4170-B3E7-2BAC1E307CA6}.Debug|Any CPU.Build.0 = Debug|Any CPU
		{DA7A2AA4-F207-4170-B3E7-2BAC1E307CA6}.Release|Any CPU.ActiveCfg = Release|Any CPU
		{DA7A2AA4-F207-4170-B3E7-2BAC1E307CA6}.Release|Any CPU.Build.0 = Release|Any CPU
		{882CBE76-CC01-4AFD-8020-C155562DF55B}.Debug|Any CPU.ActiveCfg = Debug|Any CPU
		{882CBE76-CC01-4AFD-8020-C155562DF55B}.Debug|Any CPU.Build.0 = Debug|Any CPU
		{882CBE76-CC01-4AFD-8020-C155562DF55B}.Release|Any CPU.ActiveCfg = Release|Any CPU
		{882CBE76-CC01-4AFD-8020-C155562DF55B}.Release|Any CPU.Build.0 = Release|Any CPU
	EndGlobalSection
	GlobalSection(SolutionProperties) = preSolution
		HideSolutionNode = FALSE
	EndGlobalSection
	GlobalSection(ExtensibilityGlobals) = postSolution
		SolutionGuid = {A66E17A6-8C6D-4C3E-B8FF-5F7E7EFFAE39}
	EndGlobalSection
EndGlobal
