
Microsoft Visual Studio Solution File, Format Version 12.00
# Visual Studio 15
VisualStudioVersion = 15.0.27428.2043
MinimumVisualStudioVersion = 10.0.40219.1
Project("{FAE04EC0-301F-11D3-BF4B-00C04F79EFBC}") = "XMLParserLogic", "XMLParserLogic\XMLParserLogic.csproj", "{8B00491A-3EF6-4960-8C39-DF1FF0FBD596}"
EndProject
Project("{FAE04EC0-301F-11D3-BF4B-00C04F79EFBC}") = "LabExam", "LabExam\LabExam.csproj", "{B1EA9492-378F-4409-9D26-A9F7FFCED7A6}"
EndProject
Project("{FAE04EC0-301F-11D3-BF4B-00C04F79EFBC}") = "Logger", "Logger\Logger.csproj", "{5FF11532-FB9E-4CBE-99BB-566FDAC1E88C}"
EndProject
Global
	GlobalSection(SolutionConfigurationPlatforms) = preSolution
		Debug|Any CPU = Debug|Any CPU
		Release|Any CPU = Release|Any CPU
	EndGlobalSection
	GlobalSection(ProjectConfigurationPlatforms) = postSolution
		{8B00491A-3EF6-4960-8C39-DF1FF0FBD596}.Debug|Any CPU.ActiveCfg = Debug|Any CPU
		{8B00491A-3EF6-4960-8C39-DF1FF0FBD596}.Debug|Any CPU.Build.0 = Debug|Any CPU
		{8B00491A-3EF6-4960-8C39-DF1FF0FBD596}.Release|Any CPU.ActiveCfg = Release|Any CPU
		{8B00491A-3EF6-4960-8C39-DF1FF0FBD596}.Release|Any CPU.Build.0 = Release|Any CPU
		{B1EA9492-378F-4409-9D26-A9F7FFCED7A6}.Debug|Any CPU.ActiveCfg = Debug|Any CPU
		{B1EA9492-378F-4409-9D26-A9F7FFCED7A6}.Debug|Any CPU.Build.0 = Debug|Any CPU
		{B1EA9492-378F-4409-9D26-A9F7FFCED7A6}.Release|Any CPU.ActiveCfg = Release|Any CPU
		{B1EA9492-378F-4409-9D26-A9F7FFCED7A6}.Release|Any CPU.Build.0 = Release|Any CPU
		{5FF11532-FB9E-4CBE-99BB-566FDAC1E88C}.Debug|Any CPU.ActiveCfg = Debug|Any CPU
		{5FF11532-FB9E-4CBE-99BB-566FDAC1E88C}.Debug|Any CPU.Build.0 = Debug|Any CPU
		{5FF11532-FB9E-4CBE-99BB-566FDAC1E88C}.Release|Any CPU.ActiveCfg = Release|Any CPU
		{5FF11532-FB9E-4CBE-99BB-566FDAC1E88C}.Release|Any CPU.Build.0 = Release|Any CPU
	EndGlobalSection
	GlobalSection(SolutionProperties) = preSolution
		HideSolutionNode = FALSE
	EndGlobalSection
	GlobalSection(ExtensibilityGlobals) = postSolution
		SolutionGuid = {68BFCC5D-5DC9-4949-A347-F2824643E632}
	EndGlobalSection
EndGlobal
