
Microsoft Visual Studio Solution File, Format Version 12.00
# Visual Studio 15
VisualStudioVersion = 15.0.27428.2002
MinimumVisualStudioVersion = 10.0.40219.1
Project("{FAE04EC0-301F-11D3-BF4B-00C04F79EFBC}") = "BinarySearchTreeLogic", "BinarySearchTreeLogic\BinarySearchTreeLogic.csproj", "{2C7A82FC-9726-4C37-ADCD-AA6FDA9E59AE}"
EndProject
Global
	GlobalSection(SolutionConfigurationPlatforms) = preSolution
		Debug|Any CPU = Debug|Any CPU
		Release|Any CPU = Release|Any CPU
	EndGlobalSection
	GlobalSection(ProjectConfigurationPlatforms) = postSolution
		{2C7A82FC-9726-4C37-ADCD-AA6FDA9E59AE}.Debug|Any CPU.ActiveCfg = Debug|Any CPU
		{2C7A82FC-9726-4C37-ADCD-AA6FDA9E59AE}.Debug|Any CPU.Build.0 = Debug|Any CPU
		{2C7A82FC-9726-4C37-ADCD-AA6FDA9E59AE}.Release|Any CPU.ActiveCfg = Release|Any CPU
		{2C7A82FC-9726-4C37-ADCD-AA6FDA9E59AE}.Release|Any CPU.Build.0 = Release|Any CPU
	EndGlobalSection
	GlobalSection(SolutionProperties) = preSolution
		HideSolutionNode = FALSE
	EndGlobalSection
	GlobalSection(ExtensibilityGlobals) = postSolution
		SolutionGuid = {4DC108EA-3414-4094-8695-B0DC27EF5D9A}
	EndGlobalSection
EndGlobal
