
Microsoft Visual Studio Solution File, Format Version 12.00
# Visual Studio 15
VisualStudioVersion = 15.0.27428.2002
MinimumVisualStudioVersion = 10.0.40219.1
Project("{FAE04EC0-301F-11D3-BF4B-00C04F79EFBC}") = "FilterDigitLogic", "FilterDigitLogic\FilterDigitLogic.csproj", "{204F32B2-9604-45D1-9481-4129988E73B1}"
EndProject
Project("{FAE04EC0-301F-11D3-BF4B-00C04F79EFBC}") = "FilterdigitLogicTests", "LogicTests\FilterdigitLogicTests.csproj", "{A9FC666B-DBEE-427D-A753-D674772FBBC4}"
EndProject
Project("{FAE04EC0-301F-11D3-BF4B-00C04F79EFBC}") = "FilterDigitLogicTests-NUnit", "LogicTests-NUnit\FilterDigitLogicTests-NUnit.csproj", "{44862C41-8BA8-4DEF-A141-992EF45D40B7}"
EndProject
Project("{FAE04EC0-301F-11D3-BF4B-00C04F79EFBC}") = "FindNextLogic", "FindNextBiggerNumberLogic\FindNextLogic.csproj", "{148A7BF8-5640-455E-A585-3067A44AD7F9}"
EndProject
Project("{FAE04EC0-301F-11D3-BF4B-00C04F79EFBC}") = "FindNextTests-NUnit", "FindNextTest-NUnit\FindNextTests-NUnit.csproj", "{D1D6D567-5600-47A2-A255-789509FEE4F7}"
EndProject
Project("{FAE04EC0-301F-11D3-BF4B-00C04F79EFBC}") = "ConsoleTest", "ConsoleTest\ConsoleTest.csproj", "{E056D9E8-E96B-455C-A514-15329907BFC0}"
EndProject
Project("{FAE04EC0-301F-11D3-BF4B-00C04F79EFBC}") = "InsertNumberLogic", "InsertNumberLogic\InsertNumberLogic.csproj", "{B35180C0-743B-4626-9FBF-32F24B72A805}"
EndProject
Project("{FAE04EC0-301F-11D3-BF4B-00C04F79EFBC}") = "FindNthRootLogic", "FindNthRootLogic\FindNthRootLogic.csproj", "{65672A9D-8C80-4D61-B4E6-F50CEAB9EF24}"
EndProject
Project("{FAE04EC0-301F-11D3-BF4B-00C04F79EFBC}") = "FindNthRootLogicTests-NUnit", "FindNthRootLogicTests-NUnit\FindNthRootLogicTests-NUnit.csproj", "{A630B4E5-3E07-4821-B77C-8F529D0AAFF8}"
EndProject
Project("{FAE04EC0-301F-11D3-BF4B-00C04F79EFBC}") = "FilterDigitLogicTests.DDT", "FilterDigitLogicTests.DDT\FilterDigitLogicTests.DDT.csproj", "{2EB9320F-5EAB-4D63-9537-952C4763DEB1}"
EndProject
Global
	GlobalSection(SolutionConfigurationPlatforms) = preSolution
		Debug|Any CPU = Debug|Any CPU
		Release|Any CPU = Release|Any CPU
	EndGlobalSection
	GlobalSection(ProjectConfigurationPlatforms) = postSolution
		{204F32B2-9604-45D1-9481-4129988E73B1}.Debug|Any CPU.ActiveCfg = Debug|Any CPU
		{204F32B2-9604-45D1-9481-4129988E73B1}.Debug|Any CPU.Build.0 = Debug|Any CPU
		{204F32B2-9604-45D1-9481-4129988E73B1}.Release|Any CPU.ActiveCfg = Release|Any CPU
		{204F32B2-9604-45D1-9481-4129988E73B1}.Release|Any CPU.Build.0 = Release|Any CPU
		{A9FC666B-DBEE-427D-A753-D674772FBBC4}.Debug|Any CPU.ActiveCfg = Debug|Any CPU
		{A9FC666B-DBEE-427D-A753-D674772FBBC4}.Debug|Any CPU.Build.0 = Debug|Any CPU
		{A9FC666B-DBEE-427D-A753-D674772FBBC4}.Release|Any CPU.ActiveCfg = Release|Any CPU
		{A9FC666B-DBEE-427D-A753-D674772FBBC4}.Release|Any CPU.Build.0 = Release|Any CPU
		{44862C41-8BA8-4DEF-A141-992EF45D40B7}.Debug|Any CPU.ActiveCfg = Debug|Any CPU
		{44862C41-8BA8-4DEF-A141-992EF45D40B7}.Debug|Any CPU.Build.0 = Debug|Any CPU
		{44862C41-8BA8-4DEF-A141-992EF45D40B7}.Release|Any CPU.ActiveCfg = Release|Any CPU
		{44862C41-8BA8-4DEF-A141-992EF45D40B7}.Release|Any CPU.Build.0 = Release|Any CPU
		{148A7BF8-5640-455E-A585-3067A44AD7F9}.Debug|Any CPU.ActiveCfg = Debug|Any CPU
		{148A7BF8-5640-455E-A585-3067A44AD7F9}.Debug|Any CPU.Build.0 = Debug|Any CPU
		{148A7BF8-5640-455E-A585-3067A44AD7F9}.Release|Any CPU.ActiveCfg = Release|Any CPU
		{148A7BF8-5640-455E-A585-3067A44AD7F9}.Release|Any CPU.Build.0 = Release|Any CPU
		{D1D6D567-5600-47A2-A255-789509FEE4F7}.Debug|Any CPU.ActiveCfg = Debug|Any CPU
		{D1D6D567-5600-47A2-A255-789509FEE4F7}.Debug|Any CPU.Build.0 = Debug|Any CPU
		{D1D6D567-5600-47A2-A255-789509FEE4F7}.Release|Any CPU.ActiveCfg = Release|Any CPU
		{D1D6D567-5600-47A2-A255-789509FEE4F7}.Release|Any CPU.Build.0 = Release|Any CPU
		{E056D9E8-E96B-455C-A514-15329907BFC0}.Debug|Any CPU.ActiveCfg = Debug|Any CPU
		{E056D9E8-E96B-455C-A514-15329907BFC0}.Debug|Any CPU.Build.0 = Debug|Any CPU
		{E056D9E8-E96B-455C-A514-15329907BFC0}.Release|Any CPU.ActiveCfg = Release|Any CPU
		{E056D9E8-E96B-455C-A514-15329907BFC0}.Release|Any CPU.Build.0 = Release|Any CPU
		{B35180C0-743B-4626-9FBF-32F24B72A805}.Debug|Any CPU.ActiveCfg = Debug|Any CPU
		{B35180C0-743B-4626-9FBF-32F24B72A805}.Debug|Any CPU.Build.0 = Debug|Any CPU
		{B35180C0-743B-4626-9FBF-32F24B72A805}.Release|Any CPU.ActiveCfg = Release|Any CPU
		{B35180C0-743B-4626-9FBF-32F24B72A805}.Release|Any CPU.Build.0 = Release|Any CPU
		{65672A9D-8C80-4D61-B4E6-F50CEAB9EF24}.Debug|Any CPU.ActiveCfg = Debug|Any CPU
		{65672A9D-8C80-4D61-B4E6-F50CEAB9EF24}.Debug|Any CPU.Build.0 = Debug|Any CPU
		{65672A9D-8C80-4D61-B4E6-F50CEAB9EF24}.Release|Any CPU.ActiveCfg = Release|Any CPU
		{65672A9D-8C80-4D61-B4E6-F50CEAB9EF24}.Release|Any CPU.Build.0 = Release|Any CPU
		{A630B4E5-3E07-4821-B77C-8F529D0AAFF8}.Debug|Any CPU.ActiveCfg = Debug|Any CPU
		{A630B4E5-3E07-4821-B77C-8F529D0AAFF8}.Debug|Any CPU.Build.0 = Debug|Any CPU
		{A630B4E5-3E07-4821-B77C-8F529D0AAFF8}.Release|Any CPU.ActiveCfg = Release|Any CPU
		{A630B4E5-3E07-4821-B77C-8F529D0AAFF8}.Release|Any CPU.Build.0 = Release|Any CPU
		{2EB9320F-5EAB-4D63-9537-952C4763DEB1}.Debug|Any CPU.ActiveCfg = Debug|Any CPU
		{2EB9320F-5EAB-4D63-9537-952C4763DEB1}.Debug|Any CPU.Build.0 = Debug|Any CPU
		{2EB9320F-5EAB-4D63-9537-952C4763DEB1}.Release|Any CPU.ActiveCfg = Release|Any CPU
		{2EB9320F-5EAB-4D63-9537-952C4763DEB1}.Release|Any CPU.Build.0 = Release|Any CPU
	EndGlobalSection
	GlobalSection(SolutionProperties) = preSolution
		HideSolutionNode = FALSE
	EndGlobalSection
	GlobalSection(ExtensibilityGlobals) = postSolution
		SolutionGuid = {D26C5EAB-C38F-43F2-ABC3-0985B4B39BE3}
	EndGlobalSection
EndGlobal
